// !$*UTF8*$!
{
	archiveVersion = 1;
	classes = {
	};
	objectVersion = 50;
	objects = {

/* Begin PBXBuildFile section */
		C1696F5B26A96A110033330C /* AppDelegate.swift in Sources */ = {isa = PBXBuildFile; fileRef = C1696F5A26A96A110033330C /* AppDelegate.swift */; };
		C1696F5D26A96A110033330C /* SceneDelegate.swift in Sources */ = {isa = PBXBuildFile; fileRef = C1696F5C26A96A110033330C /* SceneDelegate.swift */; };
		C1696F5F26A96A110033330C /* ViewController.swift in Sources */ = {isa = PBXBuildFile; fileRef = C1696F5E26A96A110033330C /* ViewController.swift */; };
		C1696F6226A96A110033330C /* Main.storyboard in Resources */ = {isa = PBXBuildFile; fileRef = C1696F6026A96A110033330C /* Main.storyboard */; };
		C1696F6426A96A130033330C /* Assets.xcassets in Resources */ = {isa = PBXBuildFile; fileRef = C1696F6326A96A130033330C /* Assets.xcassets */; };
		C1696F6726A96A130033330C /* LaunchScreen.storyboard in Resources */ = {isa = PBXBuildFile; fileRef = C1696F6526A96A130033330C /* LaunchScreen.storyboard */; };
		C1696F7226A96A140033330C /* Demo0722Tests.swift in Sources */ = {isa = PBXBuildFile; fileRef = C1696F7126A96A140033330C /* Demo0722Tests.swift */; };
		C1696F7D26A96A140033330C /* Demo0722UITests.swift in Sources */ = {isa = PBXBuildFile; fileRef = C1696F7C26A96A140033330C /* Demo0722UITests.swift */; };
/* End PBXBuildFile section */

/* Begin PBXContainerItemProxy section */
		C1696F6E26A96A140033330C /* PBXContainerItemProxy */ = {
			isa = PBXContainerItemProxy;
			containerPortal = C1696F4F26A96A110033330C /* Project object */;
			proxyType = 1;
			remoteGlobalIDString = C1696F5626A96A110033330C;
			remoteInfo = Demo0722;
		};
		C1696F7926A96A140033330C /* PBXContainerItemProxy */ = {
			isa = PBXContainerItemProxy;
			containerPortal = C1696F4F26A96A110033330C /* Project object */;
			proxyType = 1;
			remoteGlobalIDString = C1696F5626A96A110033330C;
			remoteInfo = Demo0722;
		};
/* End PBXContainerItemProxy section */

/* Begin PBXFileReference section */
		C1696F5726A96A110033330C /* Demo0722.app */ = {isa = PBXFileReference; explicitFileType = wrapper.application; includeInIndex = 0; path = Demo0722.app; sourceTree = BUILT_PRODUCTS_DIR; };
		C1696F5A26A96A110033330C /* AppDelegate.swift */ = {isa = PBXFileReference; lastKnownFileType = sourcecode.swift; path = AppDelegate.swift; sourceTree = "<group>"; };
		C1696F5C26A96A110033330C /* SceneDelegate.swift */ = {isa = PBXFileReference; lastKnownFileType = sourcecode.swift; path = SceneDelegate.swift; sourceTree = "<group>"; };
		C1696F5E26A96A110033330C /* ViewController.swift */ = {isa = PBXFileReference; lastKnownFileType = sourcecode.swift; path = ViewController.swift; sourceTree = "<group>"; };
		C1696F6126A96A110033330C /* Base */ = {isa = PBXFileReference; lastKnownFileType = file.storyboard; name = Base; path = Base.lproj/Main.storyboard; sourceTree = "<group>"; };
		C1696F6326A96A130033330C /* Assets.xcassets */ = {isa = PBXFileReference; lastKnownFileType = folder.assetcatalog; path = Assets.xcassets; sourceTree = "<group>"; };
		C1696F6626A96A130033330C /* Base */ = {isa = PBXFileReference; lastKnownFileType = file.storyboard; name = Base; path = Base.lproj/LaunchScreen.storyboard; sourceTree = "<group>"; };
		C1696F6826A96A130033330C /* Info.plist */ = {isa = PBXFileReference; lastKnownFileType = text.plist.xml; path = Info.plist; sourceTree = "<group>"; };
		C1696F6D26A96A140033330C /* Demo0722Tests.xctest */ = {isa = PBXFileReference; explicitFileType = wrapper.cfbundle; includeInIndex = 0; path = Demo0722Tests.xctest; sourceTree = BUILT_PRODUCTS_DIR; };
		C1696F7126A96A140033330C /* Demo0722Tests.swift */ = {isa = PBXFileReference; lastKnownFileType = sourcecode.swift; path = Demo0722Tests.swift; sourceTree = "<group>"; };
		C1696F7326A96A140033330C /* Info.plist */ = {isa = PBXFileReference; lastKnownFileType = text.plist.xml; path = Info.plist; sourceTree = "<group>"; };
		C1696F7826A96A140033330C /* Demo0722UITests.xctest */ = {isa = PBXFileReference; explicitFileType = wrapper.cfbundle; includeInIndex = 0; path = Demo0722UITests.xctest; sourceTree = BUILT_PRODUCTS_DIR; };
		C1696F7C26A96A140033330C /* Demo0722UITests.swift */ = {isa = PBXFileReference; lastKnownFileType = sourcecode.swift; path = Demo0722UITests.swift; sourceTree = "<group>"; };
		C1696F7E26A96A140033330C /* Info.plist */ = {isa = PBXFileReference; lastKnownFileType = text.plist.xml; path = Info.plist; sourceTree = "<group>"; };
/* End PBXFileReference section */

/* Begin PBXFrameworksBuildPhase section */
		C1696F5426A96A110033330C /* Frameworks */ = {
			isa = PBXFrameworksBuildPhase;
			buildActionMask = 2147483647;
			files = (
			);
			runOnlyForDeploymentPostprocessing = 0;
		};
		C1696F6A26A96A140033330C /* Frameworks */ = {
			isa = PBXFrameworksBuildPhase;
			buildActionMask = 2147483647;
			files = (
			);
			runOnlyForDeploymentPostprocessing = 0;
		};
		C1696F7526A96A140033330C /* Frameworks */ = {
			isa = PBXFrameworksBuildPhase;
			buildActionMask = 2147483647;
			files = (
			);
			runOnlyForDeploymentPostprocessing = 0;
		};
/* End PBXFrameworksBuildPhase section */

/* Begin PBXGroup section */
		C1696F4E26A96A110033330C = {
			isa = PBXGroup;
			children = (
				C1696F5926A96A110033330C /* Demo0722 */,
				C1696F7026A96A140033330C /* Demo0722Tests */,
				C1696F7B26A96A140033330C /* Demo0722UITests */,
				C1696F5826A96A110033330C /* Products */,
			);
			sourceTree = "<group>";
		};
		C1696F5826A96A110033330C /* Products */ = {
			isa = PBXGroup;
			children = (
				C1696F5726A96A110033330C /* Demo0722.app */,
				C1696F6D26A96A140033330C /* Demo0722Tests.xctest */,
				C1696F7826A96A140033330C /* Demo0722UITests.xctest */,
			);
			name = Products;
			sourceTree = "<group>";
		};
		C1696F5926A96A110033330C /* Demo0722 */ = {
			isa = PBXGroup;
			children = (
				C1696F5A26A96A110033330C /* AppDelegate.swift */,
				C1696F5C26A96A110033330C /* SceneDelegate.swift */,
				C1696F5E26A96A110033330C /* ViewController.swift */,
				C1696F6026A96A110033330C /* Main.storyboard */,
				C1696F6326A96A130033330C /* Assets.xcassets */,
				C1696F6526A96A130033330C /* LaunchScreen.storyboard */,
				C1696F6826A96A130033330C /* Info.plist */,
			);
			path = Demo0722;
			sourceTree = "<group>";
		};
		C1696F7026A96A140033330C /* Demo0722Tests */ = {
			isa = PBXGroup;
			children = (
				C1696F7126A96A140033330C /* Demo0722Tests.swift */,
				C1696F7326A96A140033330C /* Info.plist */,
			);
			path = Demo0722Tests;
			sourceTree = "<group>";
		};
		C1696F7B26A96A140033330C /* Demo0722UITests */ = {
			isa = PBXGroup;
			children = (
				C1696F7C26A96A140033330C /* Demo0722UITests.swift */,
				C1696F7E26A96A140033330C /* Info.plist */,
			);
			path = Demo0722UITests;
			sourceTree = "<group>";
		};
/* End PBXGroup section */

/* Begin PBXNativeTarget section */
		C1696F5626A96A110033330C /* Demo0722 */ = {
			isa = PBXNativeTarget;
			buildConfigurationList = C1696F8126A96A140033330C /* Build configuration list for PBXNativeTarget "Demo0722" */;
			buildPhases = (
				C1696F5326A96A110033330C /* Sources */,
				C1696F5426A96A110033330C /* Frameworks */,
				C1696F5526A96A110033330C /* Resources */,
			);
			buildRules = (
			);
			dependencies = (
			);
			name = Demo0722;
			productName = Demo0722;
			productReference = C1696F5726A96A110033330C /* Demo0722.app */;
			productType = "com.apple.product-type.application";
		};
		C1696F6C26A96A140033330C /* Demo0722Tests */ = {
			isa = PBXNativeTarget;
			buildConfigurationList = C1696F8426A96A140033330C /* Build configuration list for PBXNativeTarget "Demo0722Tests" */;
			buildPhases = (
				C1696F6926A96A140033330C /* Sources */,
				C1696F6A26A96A140033330C /* Frameworks */,
				C1696F6B26A96A140033330C /* Resources */,
			);
			buildRules = (
			);
			dependencies = (
				C1696F6F26A96A140033330C /* PBXTargetDependency */,
			);
			name = Demo0722Tests;
			productName = Demo0722Tests;
			productReference = C1696F6D26A96A140033330C /* Demo0722Tests.xctest */;
			productType = "com.apple.product-type.bundle.unit-test";
		};
		C1696F7726A96A140033330C /* Demo0722UITests */ = {
			isa = PBXNativeTarget;
			buildConfigurationList = C1696F8726A96A140033330C /* Build configuration list for PBXNativeTarget "Demo0722UITests" */;
			buildPhases = (
				C1696F7426A96A140033330C /* Sources */,
				C1696F7526A96A140033330C /* Frameworks */,
				C1696F7626A96A140033330C /* Resources */,
			);
			buildRules = (
			);
			dependencies = (
				C1696F7A26A96A140033330C /* PBXTargetDependency */,
			);
			name = Demo0722UITests;
			productName = Demo0722UITests;
			productReference = C1696F7826A96A140033330C /* Demo0722UITests.xctest */;
			productType = "com.apple.product-type.bundle.ui-testing";
		};
/* End PBXNativeTarget section */

/* Begin PBXProject section */
		C1696F4F26A96A110033330C /* Project object */ = {
			isa = PBXProject;
			attributes = {
				LastSwiftUpdateCheck = 1250;
				LastUpgradeCheck = 1250;
				TargetAttributes = {
					C1696F5626A96A110033330C = {
						CreatedOnToolsVersion = 12.5;
					};
					C1696F6C26A96A140033330C = {
						CreatedOnToolsVersion = 12.5;
						TestTargetID = C1696F5626A96A110033330C;
					};
					C1696F7726A96A140033330C = {
						CreatedOnToolsVersion = 12.5;
						TestTargetID = C1696F5626A96A110033330C;
					};
				};
			};
			buildConfigurationList = C1696F5226A96A110033330C /* Build configuration list for PBXProject "Demo0722" */;
			compatibilityVersion = "Xcode 9.3";
			developmentRegion = en;
			hasScannedForEncodings = 0;
			knownRegions = (
				en,
				Base,
			);
			mainGroup = C1696F4E26A96A110033330C;
			productRefGroup = C1696F5826A96A110033330C /* Products */;
			projectDirPath = "";
			projectRoot = "";
			targets = (
				C1696F5626A96A110033330C /* Demo0722 */,
				C1696F6C26A96A140033330C /* Demo0722Tests */,
				C1696F7726A96A140033330C /* Demo0722UITests */,
			);
		};
/* End PBXProject section */

/* Begin PBXResourcesBuildPhase section */
		C1696F5526A96A110033330C /* Resources */ = {
			isa = PBXResourcesBuildPhase;
			buildActionMask = 2147483647;
			files = (
				C1696F6726A96A130033330C /* LaunchScreen.storyboard in Resources */,
				C1696F6426A96A130033330C /* Assets.xcassets in Resources */,
				C1696F6226A96A110033330C /* Main.storyboard in Resources */,
			);
			runOnlyForDeploymentPostprocessing = 0;
		};
		C1696F6B26A96A140033330C /* Resources */ = {
			isa = PBXResourcesBuildPhase;
			buildActionMask = 2147483647;
			files = (
			);
			runOnlyForDeploymentPostprocessing = 0;
		};
		C1696F7626A96A140033330C /* Resources */ = {
			isa = PBXResourcesBuildPhase;
			buildActionMask = 2147483647;
			files = (
			);
			runOnlyForDeploymentPostprocessing = 0;
		};
/* End PBXResourcesBuildPhase section */

/* Begin PBXSourcesBuildPhase section */
		C1696F5326A96A110033330C /* Sources */ = {
			isa = PBXSourcesBuildPhase;
			buildActionMask = 2147483647;
			files = (
				C1696F5F26A96A110033330C /* ViewController.swift in Sources */,
				C1696F5B26A96A110033330C /* AppDelegate.swift in Sources */,
				C1696F5D26A96A110033330C /* SceneDelegate.swift in Sources */,
			);
			runOnlyForDeploymentPostprocessing = 0;
		};
		C1696F6926A96A140033330C /* Sources */ = {
			isa = PBXSourcesBuildPhase;
			buildActionMask = 2147483647;
			files = (
				C1696F7226A96A140033330C /* Demo0722Tests.swift in Sources */,
			);
			runOnlyForDeploymentPostprocessing = 0;
		};
		C1696F7426A96A140033330C /* Sources */ = {
			isa = PBXSourcesBuildPhase;
			buildActionMask = 2147483647;
			files = (
				C1696F7D26A96A140033330C /* Demo0722UITests.swift in Sources */,
			);
			runOnlyForDeploymentPostprocessing = 0;
		};
/* End PBXSourcesBuildPhase section */

/* Begin PBXTargetDependency section */
		C1696F6F26A96A140033330C /* PBXTargetDependency */ = {
			isa = PBXTargetDependency;
			target = C1696F5626A96A110033330C /* Demo0722 */;
			targetProxy = C1696F6E26A96A140033330C /* PBXContainerItemProxy */;
		};
		C1696F7A26A96A140033330C /* PBXTargetDependency */ = {
			isa = PBXTargetDependency;
			target = C1696F5626A96A110033330C /* Demo0722 */;
			targetProxy = C1696F7926A96A140033330C /* PBXContainerItemProxy */;
		};
/* End PBXTargetDependency section */

/* Begin PBXVariantGroup section */
		C1696F6026A96A110033330C /* Main.storyboard */ = {
			isa = PBXVariantGroup;
			children = (
				C1696F6126A96A110033330C /* Base */,
			);
			name = Main.storyboard;
			sourceTree = "<group>";
		};
		C1696F6526A96A130033330C /* LaunchScreen.storyboard */ = {
			isa = PBXVariantGroup;
			children = (
				C1696F6626A96A130033330C /* Base */,
			);
			name = LaunchScreen.storyboard;
			sourceTree = "<group>";
		};
/* End PBXVariantGroup section */

/* Begin XCBuildConfiguration section */
		C1696F7F26A96A140033330C /* Debug */ = {
			isa = XCBuildConfiguration;
			buildSettings = {
				ALWAYS_SEARCH_USER_PATHS = NO;
				CLANG_ANALYZER_NONNULL = YES;
				CLANG_ANALYZER_NUMBER_OBJECT_CONVERSION = YES_AGGRESSIVE;
				CLANG_CXX_LANGUAGE_STANDARD = "gnu++14";
				CLANG_CXX_LIBRARY = "libc++";
				CLANG_ENABLE_MODULES = YES;
				CLANG_ENABLE_OBJC_ARC = YES;
				CLANG_ENABLE_OBJC_WEAK = YES;
				CLANG_WARN_BLOCK_CAPTURE_AUTORELEASING = YES;
				CLANG_WARN_BOOL_CONVERSION = YES;
				CLANG_WARN_COMMA = YES;
				CLANG_WARN_CONSTANT_CONVERSION = YES;
				CLANG_WARN_DEPRECATED_OBJC_IMPLEMENTATIONS = YES;
				CLANG_WARN_DIRECT_OBJC_ISA_USAGE = YES_ERROR;
				CLANG_WARN_DOCUMENTATION_COMMENTS = YES;
				CLANG_WARN_EMPTY_BODY = YES;
				CLANG_WARN_ENUM_CONVERSION = YES;
				CLANG_WARN_INFINITE_RECURSION = YES;
				CLANG_WARN_INT_CONVERSION = YES;
				CLANG_WARN_NON_LITERAL_NULL_CONVERSION = YES;
				CLANG_WARN_OBJC_IMPLICIT_RETAIN_SELF = YES;
				CLANG_WARN_OBJC_LITERAL_CONVERSION = YES;
				CLANG_WARN_OBJC_ROOT_CLASS = YES_ERROR;
				CLANG_WARN_QUOTED_INCLUDE_IN_FRAMEWORK_HEADER = YES;
				CLANG_WARN_RANGE_LOOP_ANALYSIS = YES;
				CLANG_WARN_STRICT_PROTOTYPES = YES;
				CLANG_WARN_SUSPICIOUS_MOVE = YES;
				CLANG_WARN_UNGUARDED_AVAILABILITY = YES_AGGRESSIVE;
				CLANG_WARN_UNREACHABLE_CODE = YES;
				CLANG_WARN__DUPLICATE_METHOD_MATCH = YES;
				COPY_PHASE_STRIP = NO;
				DEBUG_INFORMATION_FORMAT = dwarf;
				ENABLE_STRICT_OBJC_MSGSEND = YES;
				ENABLE_TESTABILITY = YES;
				GCC_C_LANGUAGE_STANDARD = gnu11;
				GCC_DYNAMIC_NO_PIC = NO;
				GCC_NO_COMMON_BLOCKS = YES;
				GCC_OPTIMIZATION_LEVEL = 0;
				GCC_PREPROCESSOR_DEFINITIONS = (
					"DEBUG=1",
					"$(inherited)",
				);
				GCC_WARN_64_TO_32_BIT_CONVERSION = YES;
				GCC_WARN_ABOUT_RETURN_TYPE = YES_ERROR;
				GCC_WARN_UNDECLARED_SELECTOR = YES;
				GCC_WARN_UNINITIALIZED_AUTOS = YES_AGGRESSIVE;
				GCC_WARN_UNUSED_FUNCTION = YES;
				GCC_WARN_UNUSED_VARIABLE = YES;
				IPHONEOS_DEPLOYMENT_TARGET = 14.5;
				MTL_ENABLE_DEBUG_INFO = INCLUDE_SOURCE;
				MTL_FAST_MATH = YES;
				ONLY_ACTIVE_ARCH = YES;
				SDKROOT = iphoneos;
				SWIFT_ACTIVE_COMPILATION_CONDITIONS = DEBUG;
				SWIFT_OPTIMIZATION_LEVEL = "-Onone";
			};
			name = Debug;
		};
		C1696F8026A96A140033330C /* Release */ = {
			isa = XCBuildConfiguration;
			buildSettings = {
				ALWAYS_SEARCH_USER_PATHS = NO;
				CLANG_ANALYZER_NONNULL = YES;
				CLANG_ANALYZER_NUMBER_OBJECT_CONVERSION = YES_AGGRESSIVE;
				CLANG_CXX_LANGUAGE_STANDARD = "gnu++14";
				CLANG_CXX_LIBRARY = "libc++";
				CLANG_ENABLE_MODULES = YES;
				CLANG_ENABLE_OBJC_ARC = YES;
				CLANG_ENABLE_OBJC_WEAK = YES;
				CLANG_WARN_BLOCK_CAPTURE_AUTORELEASING = YES;
				CLANG_WARN_BOOL_CONVERSION = YES;
				CLANG_WARN_COMMA = YES;
				CLANG_WARN_CONSTANT_CONVERSION = YES;
				CLANG_WARN_DEPRECATED_OBJC_IMPLEMENTATIONS = YES;
				CLANG_WARN_DIRECT_OBJC_ISA_USAGE = YES_ERROR;
				CLANG_WARN_DOCUMENTATION_COMMENTS = YES;
				CLANG_WARN_EMPTY_BODY = YES;
				CLANG_WARN_ENUM_CONVERSION = YES;
				CLANG_WARN_INFINITE_RECURSION = YES;
				CLANG_WARN_INT_CONVERSION = YES;
				CLANG_WARN_NON_LITERAL_NULL_CONVERSION = YES;
				CLANG_WARN_OBJC_IMPLICIT_RETAIN_SELF = YES;
				CLANG_WARN_OBJC_LITERAL_CONVERSION = YES;
				CLANG_WARN_OBJC_ROOT_CLASS = YES_ERROR;
				CLANG_WARN_QUOTED_INCLUDE_IN_FRAMEWORK_HEADER = YES;
				CLANG_WARN_RANGE_LOOP_ANALYSIS = YES;
				CLANG_WARN_STRICT_PROTOTYPES = YES;
				CLANG_WARN_SUSPICIOUS_MOVE = YES;
				CLANG_WARN_UNGUARDED_AVAILABILITY = YES_AGGRESSIVE;
				CLANG_WARN_UNREACHABLE_CODE = YES;
				CLANG_WARN__DUPLICATE_METHOD_MATCH = YES;
				COPY_PHASE_STRIP = NO;
				DEBUG_INFORMATION_FORMAT = "dwarf-with-dsym";
				ENABLE_NS_ASSERTIONS = NO;
				ENABLE_STRICT_OBJC_MSGSEND = YES;
				GCC_C_LANGUAGE_STANDARD = gnu11;
				GCC_NO_COMMON_BLOCKS = YES;
				GCC_WARN_64_TO_32_BIT_CONVERSION = YES;
				GCC_WARN_ABOUT_RETURN_TYPE = YES_ERROR;
				GCC_WARN_UNDECLARED_SELECTOR = YES;
				GCC_WARN_UNINITIALIZED_AUTOS = YES_AGGRESSIVE;
				GCC_WARN_UNUSED_FUNCTION = YES;
				GCC_WARN_UNUSED_VARIABLE = YES;
				IPHONEOS_DEPLOYMENT_TARGET = 14.5;
				MTL_ENABLE_DEBUG_INFO = NO;
				MTL_FAST_MATH = YES;
				SDKROOT = iphoneos;
				SWIFT_COMPILATION_MODE = wholemodule;
				SWIFT_OPTIMIZATION_LEVEL = "-O";
				VALIDATE_PRODUCT = YES;
			};
			name = Release;
		};
		C1696F8226A96A140033330C /* Debug */ = {
			isa = XCBuildConfiguration;
			buildSettings = {
				ASSETCATALOG_COMPILER_APPICON_NAME = AppIcon;
				ASSETCATALOG_COMPILER_GLOBAL_ACCENT_COLOR_NAME = AccentColor;
				CODE_SIGN_STYLE = Automatic;
				DEVELOPMENT_TEAM = FGKXM2K65T;
				INFOPLIST_FILE = Demo0722/Info.plist;
				LD_RUNPATH_SEARCH_PATHS = (
					"$(inherited)",
					"@executable_path/Frameworks",
				);
				PRODUCT_BUNDLE_IDENTIFIER = io.lulu.Demo0722;
				PRODUCT_NAME = "$(TARGET_NAME)";
				SWIFT_VERSION = 5.0;
				TARGETED_DEVICE_FAMILY = "1,2";
			};
			name = Debug;
		};
		C1696F8326A96A140033330C /* Release */ = {
			isa = XCBuildConfiguration;
			buildSettings = {
				ASSETCATALOG_COMPILER_APPICON_NAME = AppIcon;
				ASSETCATALOG_COMPILER_GLOBAL_ACCENT_COLOR_NAME = AccentColor;
				CODE_SIGN_STYLE = Automatic;
				DEVELOPMENT_TEAM = FGKXM2K65T;
				INFOPLIST_FILE = Demo0722/Info.plist;
				LD_RUNPATH_SEARCH_PATHS = (
					"$(inherited)",
					"@executable_path/Frameworks",
				);
				PRODUCT_BUNDLE_IDENTIFIER = io.lulu.Demo0722;
				PRODUCT_NAME = "$(TARGET_NAME)";
				SWIFT_VERSION = 5.0;
				TARGETED_DEVICE_FAMILY = "1,2";
			};
			name = Release;
		};
		C1696F8526A96A140033330C /* Debug */ = {
			isa = XCBuildConfiguration;
			buildSettings = {
				ALWAYS_EMBED_SWIFT_STANDARD_LIBRARIES = YES;
				BUNDLE_LOADER = "$(TEST_HOST)";
				CODE_SIGN_STYLE = Automatic;
				DEVELOPMENT_TEAM = FGKXM2K65T;
				INFOPLIST_FILE = Demo0722Tests/Info.plist;
				IPHONEOS_DEPLOYMENT_TARGET = 14.5;
				LD_RUNPATH_SEARCH_PATHS = (
					"$(inherited)",
					"@executable_path/Frameworks",
					"@loader_path/Frameworks",
				);
				PRODUCT_BUNDLE_IDENTIFIER = io.lulu.Demo0722Tests;
				PRODUCT_NAME = "$(TARGET_NAME)";
				SWIFT_VERSION = 5.0;
				TARGETED_DEVICE_FAMILY = "1,2";
				TEST_HOST = "$(BUILT_PRODUCTS_DIR)/Demo0722.app/Demo0722";
			};
			name = Debug;
		};
		C1696F8626A96A140033330C /* Release */ = {
			isa = XCBuildConfiguration;
			buildSettings = {
				ALWAYS_EMBED_SWIFT_STANDARD_LIBRARIES = YES;
				BUNDLE_LOADER = "$(TEST_HOST)";
				CODE_SIGN_STYLE = Automatic;
				DEVELOPMENT_TEAM = FGKXM2K65T;
				INFOPLIST_FILE = Demo0722Tests/Info.plist;
				IPHONEOS_DEPLOYMENT_TARGET = 14.5;
				LD_RUNPATH_SEARCH_PATHS = (
					"$(inherited)",
					"@executable_path/Frameworks",
					"@loader_path/Frameworks",
				);
				PRODUCT_BUNDLE_IDENTIFIER = io.lulu.Demo0722Tests;
				PRODUCT_NAME = "$(TARGET_NAME)";
				SWIFT_VERSION = 5.0;
				TARGETED_DEVICE_FAMILY = "1,2";
				TEST_HOST = "$(BUILT_PRODUCTS_DIR)/Demo0722.app/Demo0722";
			};
			name = Release;
		};
		C1696F8826A96A140033330C /* Debug */ = {
			isa = XCBuildConfiguration;
			buildSettings = {
				ALWAYS_EMBED_SWIFT_STANDARD_LIBRARIES = YES;
				CODE_SIGN_STYLE = Automatic;
				DEVELOPMENT_TEAM = FGKXM2K65T;
				INFOPLIST_FILE = Demo0722UITests/Info.plist;
				LD_RUNPATH_SEARCH_PATHS = (
					"$(inherited)",
					"@executable_path/Frameworks",
					"@loader_path/Frameworks",
				);
				PRODUCT_BUNDLE_IDENTIFIER = io.lulu.Demo0722UITests;
				PRODUCT_NAME = "$(TARGET_NAME)";
				SWIFT_VERSION = 5.0;
				TARGETED_DEVICE_FAMILY = "1,2";
				TEST_TARGET_NAME = Demo0722;
			};
			name = Debug;
		};
		C1696F8926A96A140033330C /* Release */ = {
			isa = XCBuildConfiguration;
			buildSettings = {
				ALWAYS_EMBED_SWIFT_STANDARD_LIBRARIES = YES;
				CODE_SIGN_STYLE = Automatic;
				DEVELOPMENT_TEAM = FGKXM2K65T;
				INFOPLIST_FILE = Demo0722UITests/Info.plist;
				LD_RUNPATH_SEARCH_PATHS = (
					"$(inherited)",
					"@executable_path/Frameworks",
					"@loader_path/Frameworks",
				);
				PRODUCT_BUNDLE_IDENTIFIER = io.lulu.Demo0722UITests;
				PRODUCT_NAME = "$(TARGET_NAME)";
				SWIFT_VERSION = 5.0;
				TARGETED_DEVICE_FAMILY = "1,2";
				TEST_TARGET_NAME = Demo0722;
			};
			name = Release;
		};
/* End XCBuildConfiguration section */

/* Begin XCConfigurationList section */
		C1696F5226A96A110033330C /* Build configuration list for PBXProject "Demo0722" */ = {
			isa = XCConfigurationList;
			buildConfigurations = (
				C1696F7F26A96A140033330C /* Debug */,
				C1696F8026A96A140033330C /* Release */,
			);
			defaultConfigurationIsVisible = 0;
			defaultConfigurationName = Release;
		};
		C1696F8126A96A140033330C /* Build configuration list for PBXNativeTarget "Demo0722" */ = {
			isa = XCConfigurationList;
			buildConfigurations = (
				C1696F8226A96A140033330C /* Debug */,
				C1696F8326A96A140033330C /* Release */,
			);
			defaultConfigurationIsVisible = 0;
			defaultConfigurationName = Release;
		};
		C1696F8426A96A140033330C /* Build configuration list for PBXNativeTarget "Demo0722Tests" */ = {
			isa = XCConfigurationList;
			buildConfigurations = (
				C1696F8526A96A140033330C /* Debug */,
				C1696F8626A96A140033330C /* Release */,
			);
			defaultConfigurationIsVisible = 0;
			defaultConfigurationName = Release;
		};
		C1696F8726A96A140033330C /* Build configuration list for PBXNativeTarget "Demo0722UITests" */ = {
			isa = XCConfigurationList;
			buildConfigurations = (
				C1696F8826A96A140033330C /* Debug */,
				C1696F8926A96A140033330C /* Release */,
			);
			defaultConfigurationIsVisible = 0;
			defaultConfigurationName = Release;
		};
/* End XCConfigurationList section */
	};
	rootObject = C1696F4F26A96A110033330C /* Project object */;
}
